// !$*UTF8*$!
{
	archiveVersion = 1;
	classes = {
	};
	objectVersion = 50;
	objects = {

/* Begin PBXBuildFile section */
		82C7CA9F2632DE8800FAA241 /* FruitsAppApp.swift in Sources */ = {isa = PBXBuildFile; fileRef = 82C7CA9E2632DE8800FAA241 /* FruitsAppApp.swift */; };
		82C7CAA12632DE8800FAA241 /* ContentView.swift in Sources */ = {isa = PBXBuildFile; fileRef = 82C7CAA02632DE8800FAA241 /* ContentView.swift */; };
		82C7CAA32632DE8900FAA241 /* Assets.xcassets in Resources */ = {isa = PBXBuildFile; fileRef = 82C7CAA22632DE8900FAA241 /* Assets.xcassets */; };
		82C7CAA62632DE8900FAA241 /* Preview Assets.xcassets in Resources */ = {isa = PBXBuildFile; fileRef = 82C7CAA52632DE8900FAA241 /* Preview Assets.xcassets */; };
		82C7CAB12632DE8A00FAA241 /* FruitsAppTests.swift in Sources */ = {isa = PBXBuildFile; fileRef = 82C7CAB02632DE8A00FAA241 /* FruitsAppTests.swift */; };
		82C7CABC2632DE8A00FAA241 /* FruitsAppUITests.swift in Sources */ = {isa = PBXBuildFile; fileRef = 82C7CABB2632DE8A00FAA241 /* FruitsAppUITests.swift */; };
		82C7CAD32632E1F300FAA241 /* FruitCardView.swift in Sources */ = {isa = PBXBuildFile; fileRef = 82C7CAD22632E1F300FAA241 /* FruitCardView.swift */; };
/* End PBXBuildFile section */

/* Begin PBXContainerItemProxy section */
		82C7CAAD2632DE8A00FAA241 /* PBXContainerItemProxy */ = {
			isa = PBXContainerItemProxy;
			containerPortal = 82C7CA932632DE8800FAA241 /* Project object */;
			proxyType = 1;
			remoteGlobalIDString = 82C7CA9A2632DE8800FAA241;
			remoteInfo = FruitsApp;
		};
		82C7CAB82632DE8A00FAA241 /* PBXContainerItemProxy */ = {
			isa = PBXContainerItemProxy;
			containerPortal = 82C7CA932632DE8800FAA241 /* Project object */;
			proxyType = 1;
			remoteGlobalIDString = 82C7CA9A2632DE8800FAA241;
			remoteInfo = FruitsApp;
		};
/* End PBXContainerItemProxy section */

/* Begin PBXFileReference section */
		82C7CA9B2632DE8800FAA241 /* FruitsApp.app */ = {isa = PBXFileReference; explicitFileType = wrapper.application; includeInIndex = 0; path = FruitsApp.app; sourceTree = BUILT_PRODUCTS_DIR; };
		82C7CA9E2632DE8800FAA241 /* FruitsAppApp.swift */ = {isa = PBXFileReference; lastKnownFileType = sourcecode.swift; path = FruitsAppApp.swift; sourceTree = "<group>"; };
		82C7CAA02632DE8800FAA241 /* ContentView.swift */ = {isa = PBXFileReference; lastKnownFileType = sourcecode.swift; path = ContentView.swift; sourceTree = "<group>"; };
		82C7CAA22632DE8900FAA241 /* Assets.xcassets */ = {isa = PBXFileReference; lastKnownFileType = folder.assetcatalog; path = Assets.xcassets; sourceTree = "<group>"; };
		82C7CAA52632DE8900FAA241 /* Preview Assets.xcassets */ = {isa = PBXFileReference; lastKnownFileType = folder.assetcatalog; path = "Preview Assets.xcassets"; sourceTree = "<group>"; };
		82C7CAA72632DE8900FAA241 /* Info.plist */ = {isa = PBXFileReference; lastKnownFileType = text.plist.xml; path = Info.plist; sourceTree = "<group>"; };
		82C7CAAC2632DE8A00FAA241 /* FruitsAppTests.xctest */ = {isa = PBXFileReference; explicitFileType = wrapper.cfbundle; includeInIndex = 0; path = FruitsAppTests.xctest; sourceTree = BUILT_PRODUCTS_DIR; };
		82C7CAB02632DE8A00FAA241 /* FruitsAppTests.swift */ = {isa = PBXFileReference; lastKnownFileType = sourcecode.swift; path = FruitsAppTests.swift; sourceTree = "<group>"; };
		82C7CAB22632DE8A00FAA241 /* Info.plist */ = {isa = PBXFileReference; lastKnownFileType = text.plist.xml; path = Info.plist; sourceTree = "<group>"; };
		82C7CAB72632DE8A00FAA241 /* FruitsAppUITests.xctest */ = {isa = PBXFileReference; explicitFileType = wrapper.cfbundle; includeInIndex = 0; path = FruitsAppUITests.xctest; sourceTree = BUILT_PRODUCTS_DIR; };
		82C7CABB2632DE8A00FAA241 /* FruitsAppUITests.swift */ = {isa = PBXFileReference; lastKnownFileType = sourcecode.swift; path = FruitsAppUITests.swift; sourceTree = "<group>"; };
		82C7CABD2632DE8A00FAA241 /* Info.plist */ = {isa = PBXFileReference; lastKnownFileType = text.plist.xml; path = Info.plist; sourceTree = "<group>"; };
		82C7CAD22632E1F300FAA241 /* FruitCardView.swift */ = {isa = PBXFileReference; lastKnownFileType = sourcecode.swift; path = FruitCardView.swift; sourceTree = "<group>"; };
/* End PBXFileReference section */

/* Begin PBXFrameworksBuildPhase section */
		82C7CA982632DE8800FAA241 /* Frameworks */ = {
			isa = PBXFrameworksBuildPhase;
			buildActionMask = 2147483647;
			files = (
			);
			runOnlyForDeploymentPostprocessing = 0;
		};
		82C7CAA92632DE8A00FAA241 /* Frameworks */ = {
			isa = PBXFrameworksBuildPhase;
			buildActionMask = 2147483647;
			files = (
			);
			runOnlyForDeploymentPostprocessing = 0;
		};
		82C7CAB42632DE8A00FAA241 /* Frameworks */ = {
			isa = PBXFrameworksBuildPhase;
			buildActionMask = 2147483647;
			files = (
			);
			runOnlyForDeploymentPostprocessing = 0;
		};
/* End PBXFrameworksBuildPhase section */

/* Begin PBXGroup section */
		82C7CA922632DE8800FAA241 = {
			isa = PBXGroup;
			children = (
				82C7CA9D2632DE8800FAA241 /* FruitsApp */,
				82C7CAAF2632DE8A00FAA241 /* FruitsAppTests */,
				82C7CABA2632DE8A00FAA241 /* FruitsAppUITests */,
				82C7CA9C2632DE8800FAA241 /* Products */,
			);
			sourceTree = "<group>";
		};
		82C7CA9C2632DE8800FAA241 /* Products */ = {
			isa = PBXGroup;
			children = (
				82C7CA9B2632DE8800FAA241 /* FruitsApp.app */,
				82C7CAAC2632DE8A00FAA241 /* FruitsAppTests.xctest */,
				82C7CAB72632DE8A00FAA241 /* FruitsAppUITests.xctest */,
			);
			name = Products;
			sourceTree = "<group>";
		};
		82C7CA9D2632DE8800FAA241 /* FruitsApp */ = {
			isa = PBXGroup;
			children = (
				82C7CAD12632E1C000FAA241 /* Views */,
				82C7CACD2632E15400FAA241 /* App */,
				82C7CAA22632DE8900FAA241 /* Assets.xcassets */,
				82C7CAA72632DE8900FAA241 /* Info.plist */,
				82C7CAA42632DE8900FAA241 /* Preview Content */,
			);
			path = FruitsApp;
			sourceTree = "<group>";
		};
		82C7CAA42632DE8900FAA241 /* Preview Content */ = {
			isa = PBXGroup;
			children = (
				82C7CAA52632DE8900FAA241 /* Preview Assets.xcassets */,
			);
			path = "Preview Content";
			sourceTree = "<group>";
		};
		82C7CAAF2632DE8A00FAA241 /* FruitsAppTests */ = {
			isa = PBXGroup;
			children = (
				82C7CAB02632DE8A00FAA241 /* FruitsAppTests.swift */,
				82C7CAB22632DE8A00FAA241 /* Info.plist */,
			);
			path = FruitsAppTests;
			sourceTree = "<group>";
		};
		82C7CABA2632DE8A00FAA241 /* FruitsAppUITests */ = {
			isa = PBXGroup;
			children = (
				82C7CABB2632DE8A00FAA241 /* FruitsAppUITests.swift */,
				82C7CABD2632DE8A00FAA241 /* Info.plist */,
			);
			path = FruitsAppUITests;
			sourceTree = "<group>";
		};
		82C7CACD2632E15400FAA241 /* App */ = {
			isa = PBXGroup;
			children = (
				82C7CA9E2632DE8800FAA241 /* FruitsAppApp.swift */,
				82C7CAA02632DE8800FAA241 /* ContentView.swift */,
			);
			path = App;
			sourceTree = "<group>";
		};
		82C7CAD12632E1C000FAA241 /* Views */ = {
			isa = PBXGroup;
			children = (
				82C7CAD22632E1F300FAA241 /* FruitCardView.swift */,
			);
			path = Views;
			sourceTree = "<group>";
		};
/* End PBXGroup section */

/* Begin PBXNativeTarget section */
		82C7CA9A2632DE8800FAA241 /* FruitsApp */ = {
			isa = PBXNativeTarget;
			buildConfigurationList = 82C7CAC02632DE8A00FAA241 /* Build configuration list for PBXNativeTarget "FruitsApp" */;
			buildPhases = (
				82C7CA972632DE8800FAA241 /* Sources */,
				82C7CA982632DE8800FAA241 /* Frameworks */,
				82C7CA992632DE8800FAA241 /* Resources */,
			);
			buildRules = (
			);
			dependencies = (
			);
			name = FruitsApp;
			productName = FruitsApp;
			productReference = 82C7CA9B2632DE8800FAA241 /* FruitsApp.app */;
			productType = "com.apple.product-type.application";
		};
		82C7CAAB2632DE8A00FAA241 /* FruitsAppTests */ = {
			isa = PBXNativeTarget;
			buildConfigurationList = 82C7CAC32632DE8A00FAA241 /* Build configuration list for PBXNativeTarget "FruitsAppTests" */;
			buildPhases = (
				82C7CAA82632DE8A00FAA241 /* Sources */,
				82C7CAA92632DE8A00FAA241 /* Frameworks */,
				82C7CAAA2632DE8A00FAA241 /* Resources */,
			);
			buildRules = (
			);
			dependencies = (
				82C7CAAE2632DE8A00FAA241 /* PBXTargetDependency */,
			);
			name = FruitsAppTests;
			productName = FruitsAppTests;
			productReference = 82C7CAAC2632DE8A00FAA241 /* FruitsAppTests.xctest */;
			productType = "com.apple.product-type.bundle.unit-test";
		};
		82C7CAB62632DE8A00FAA241 /* FruitsAppUITests */ = {
			isa = PBXNativeTarget;
			buildConfigurationList = 82C7CAC62632DE8A00FAA241 /* Build configuration list for PBXNativeTarget "FruitsAppUITests" */;
			buildPhases = (
				82C7CAB32632DE8A00FAA241 /* Sources */,
				82C7CAB42632DE8A00FAA241 /* Frameworks */,
				82C7CAB52632DE8A00FAA241 /* Resources */,
			);
			buildRules = (
			);
			dependencies = (
				82C7CAB92632DE8A00FAA241 /* PBXTargetDependency */,
			);
			name = FruitsAppUITests;
			productName = FruitsAppUITests;
			productReference = 82C7CAB72632DE8A00FAA241 /* FruitsAppUITests.xctest */;
			productType = "com.apple.product-type.bundle.ui-testing";
		};
/* End PBXNativeTarget section */

/* Begin PBXProject section */
		82C7CA932632DE8800FAA241 /* Project object */ = {
			isa = PBXProject;
			attributes = {
				LastSwiftUpdateCheck = 1240;
				LastUpgradeCheck = 1240;
				TargetAttributes = {
					82C7CA9A2632DE8800FAA241 = {
						CreatedOnToolsVersion = 12.4;
					};
					82C7CAAB2632DE8A00FAA241 = {
						CreatedOnToolsVersion = 12.4;
						TestTargetID = 82C7CA9A2632DE8800FAA241;
					};
					82C7CAB62632DE8A00FAA241 = {
						CreatedOnToolsVersion = 12.4;
						TestTargetID = 82C7CA9A2632DE8800FAA241;
					};
				};
			};
			buildConfigurationList = 82C7CA962632DE8800FAA241 /* Build configuration list for PBXProject "FruitsApp" */;
			compatibilityVersion = "Xcode 9.3";
			developmentRegion = en;
			hasScannedForEncodings = 0;
			knownRegions = (
				en,
				Base,
			);
			mainGroup = 82C7CA922632DE8800FAA241;
			productRefGroup = 82C7CA9C2632DE8800FAA241 /* Products */;
			projectDirPath = "";
			projectRoot = "";
			targets = (
				82C7CA9A2632DE8800FAA241 /* FruitsApp */,
				82C7CAAB2632DE8A00FAA241 /* FruitsAppTests */,
				82C7CAB62632DE8A00FAA241 /* FruitsAppUITests */,
			);
		};
/* End PBXProject section */

/* Begin PBXResourcesBuildPhase section */
		82C7CA992632DE8800FAA241 /* Resources */ = {
			isa = PBXResourcesBuildPhase;
			buildActionMask = 2147483647;
			files = (
				82C7CAA62632DE8900FAA241 /* Preview Assets.xcassets in Resources */,
				82C7CAA32632DE8900FAA241 /* Assets.xcassets in Resources */,
			);
			runOnlyForDeploymentPostprocessing = 0;
		};
		82C7CAAA2632DE8A00FAA241 /* Resources */ = {
			isa = PBXResourcesBuildPhase;
			buildActionMask = 2147483647;
			files = (
			);
			runOnlyForDeploymentPostprocessing = 0;
		};
		82C7CAB52632DE8A00FAA241 /* Resources */ = {
			isa = PBXResourcesBuildPhase;
			buildActionMask = 2147483647;
			files = (
			);
			runOnlyForDeploymentPostprocessing = 0;
		};
/* End PBXResourcesBuildPhase section */

/* Begin PBXSourcesBuildPhase section */
		82C7CA972632DE8800FAA241 /* Sources */ = {
			isa = PBXSourcesBuildPhase;
			buildActionMask = 2147483647;
			files = (
				82C7CAD32632E1F300FAA241 /* FruitCardView.swift in Sources */,
				82C7CAA12632DE8800FAA241 /* ContentView.swift in Sources */,
				82C7CA9F2632DE8800FAA241 /* FruitsAppApp.swift in Sources */,
			);
			runOnlyForDeploymentPostprocessing = 0;
		};
		82C7CAA82632DE8A00FAA241 /* Sources */ = {
			isa = PBXSourcesBuildPhase;
			buildActionMask = 2147483647;
			files = (
				82C7CAB12632DE8A00FAA241 /* FruitsAppTests.swift in Sources */,
			);
			runOnlyForDeploymentPostprocessing = 0;
		};
		82C7CAB32632DE8A00FAA241 /* Sources */ = {
			isa = PBXSourcesBuildPhase;
			buildActionMask = 2147483647;
			files = (
				82C7CABC2632DE8A00FAA241 /* FruitsAppUITests.swift in Sources */,
			);
			runOnlyForDeploymentPostprocessing = 0;
		};
/* End PBXSourcesBuildPhase section */

/* Begin PBXTargetDependency section */
		82C7CAAE2632DE8A00FAA241 /* PBXTargetDependency */ = {
			isa = PBXTargetDependency;
			target = 82C7CA9A2632DE8800FAA241 /* FruitsApp */;
			targetProxy = 82C7CAAD2632DE8A00FAA241 /* PBXContainerItemProxy */;
		};
		82C7CAB92632DE8A00FAA241 /* PBXTargetDependency */ = {
			isa = PBXTargetDependency;
			target = 82C7CA9A2632DE8800FAA241 /* FruitsApp */;
			targetProxy = 82C7CAB82632DE8A00FAA241 /* PBXContainerItemProxy */;
		};
/* End PBXTargetDependency section */

/* Begin XCBuildConfiguration section */
		82C7CABE2632DE8A00FAA241 /* Debug */ = {
			isa = XCBuildConfiguration;
			buildSettings = {
				ALWAYS_SEARCH_USER_PATHS = NO;
				CLANG_ANALYZER_NONNULL = YES;
				CLANG_ANALYZER_NUMBER_OBJECT_CONVERSION = YES_AGGRESSIVE;
				CLANG_CXX_LANGUAGE_STANDARD = "gnu++14";
				CLANG_CXX_LIBRARY = "libc++";
				CLANG_ENABLE_MODULES = YES;
				CLANG_ENABLE_OBJC_ARC = YES;
				CLANG_ENABLE_OBJC_WEAK = YES;
				CLANG_WARN_BLOCK_CAPTURE_AUTORELEASING = YES;
				CLANG_WARN_BOOL_CONVERSION = YES;
				CLANG_WARN_COMMA = YES;
				CLANG_WARN_CONSTANT_CONVERSION = YES;
				CLANG_WARN_DEPRECATED_OBJC_IMPLEMENTATIONS = YES;
				CLANG_WARN_DIRECT_OBJC_ISA_USAGE = YES_ERROR;
				CLANG_WARN_DOCUMENTATION_COMMENTS = YES;
				CLANG_WARN_EMPTY_BODY = YES;
				CLANG_WARN_ENUM_CONVERSION = YES;
				CLANG_WARN_INFINITE_RECURSION = YES;
				CLANG_WARN_INT_CONVERSION = YES;
				CLANG_WARN_NON_LITERAL_NULL_CONVERSION = YES;
				CLANG_WARN_OBJC_IMPLICIT_RETAIN_SELF = YES;
				CLANG_WARN_OBJC_LITERAL_CONVERSION = YES;
				CLANG_WARN_OBJC_ROOT_CLASS = YES_ERROR;
				CLANG_WARN_QUOTED_INCLUDE_IN_FRAMEWORK_HEADER = YES;
				CLANG_WARN_RANGE_LOOP_ANALYSIS = YES;
				CLANG_WARN_STRICT_PROTOTYPES = YES;
				CLANG_WARN_SUSPICIOUS_MOVE = YES;
				CLANG_WARN_UNGUARDED_AVAILABILITY = YES_AGGRESSIVE;
				CLANG_WARN_UNREACHABLE_CODE = YES;
				CLANG_WARN__DUPLICATE_METHOD_MATCH = YES;
				COPY_PHASE_STRIP = NO;
				DEBUG_INFORMATION_FORMAT = dwarf;
				ENABLE_STRICT_OBJC_MSGSEND = YES;
				ENABLE_TESTABILITY = YES;
				GCC_C_LANGUAGE_STANDARD = gnu11;
				GCC_DYNAMIC_NO_PIC = NO;
				GCC_NO_COMMON_BLOCKS = YES;
				GCC_OPTIMIZATION_LEVEL = 0;
				GCC_PREPROCESSOR_DEFINITIONS = (
					"DEBUG=1",
					"$(inherited)",
				);
				GCC_WARN_64_TO_32_BIT_CONVERSION = YES;
				GCC_WARN_ABOUT_RETURN_TYPE = YES_ERROR;
				GCC_WARN_UNDECLARED_SELECTOR = YES;
				GCC_WARN_UNINITIALIZED_AUTOS = YES_AGGRESSIVE;
				GCC_WARN_UNUSED_FUNCTION = YES;
				GCC_WARN_UNUSED_VARIABLE = YES;
				IPHONEOS_DEPLOYMENT_TARGET = 14.4;
				MTL_ENABLE_DEBUG_INFO = INCLUDE_SOURCE;
				MTL_FAST_MATH = YES;
				ONLY_ACTIVE_ARCH = YES;
				SDKROOT = iphoneos;
				SWIFT_ACTIVE_COMPILATION_CONDITIONS = DEBUG;
				SWIFT_OPTIMIZATION_LEVEL = "-Onone";
			};
			name = Debug;
		};
		82C7CABF2632DE8A00FAA241 /* Release */ = {
			isa = XCBuildConfiguration;
			buildSettings = {
				ALWAYS_SEARCH_USER_PATHS = NO;
				CLANG_ANALYZER_NONNULL = YES;
				CLANG_ANALYZER_NUMBER_OBJECT_CONVERSION = YES_AGGRESSIVE;
				CLANG_CXX_LANGUAGE_STANDARD = "gnu++14";
				CLANG_CXX_LIBRARY = "libc++";
				CLANG_ENABLE_MODULES = YES;
				CLANG_ENABLE_OBJC_ARC = YES;
				CLANG_ENABLE_OBJC_WEAK = YES;
				CLANG_WARN_BLOCK_CAPTURE_AUTORELEASING = YES;
				CLANG_WARN_BOOL_CONVERSION = YES;
				CLANG_WARN_COMMA = YES;
				CLANG_WARN_CONSTANT_CONVERSION = YES;
				CLANG_WARN_DEPRECATED_OBJC_IMPLEMENTATIONS = YES;
				CLANG_WARN_DIRECT_OBJC_ISA_USAGE = YES_ERROR;
				CLANG_WARN_DOCUMENTATION_COMMENTS = YES;
				CLANG_WARN_EMPTY_BODY = YES;
				CLANG_WARN_ENUM_CONVERSION = YES;
				CLANG_WARN_INFINITE_RECURSION = YES;
				CLANG_WARN_INT_CONVERSION = YES;
				CLANG_WARN_NON_LITERAL_NULL_CONVERSION = YES;
				CLANG_WARN_OBJC_IMPLICIT_RETAIN_SELF = YES;
				CLANG_WARN_OBJC_LITERAL_CONVERSION = YES;
				CLANG_WARN_OBJC_ROOT_CLASS = YES_ERROR;
				CLANG_WARN_QUOTED_INCLUDE_IN_FRAMEWORK_HEADER = YES;
				CLANG_WARN_RANGE_LOOP_ANALYSIS = YES;
				CLANG_WARN_STRICT_PROTOTYPES = YES;
				CLANG_WARN_SUSPICIOUS_MOVE = YES;
				CLANG_WARN_UNGUARDED_AVAILABILITY = YES_AGGRESSIVE;
				CLANG_WARN_UNREACHABLE_CODE = YES;
				CLANG_WARN__DUPLICATE_METHOD_MATCH = YES;
				COPY_PHASE_STRIP = NO;
				DEBUG_INFORMATION_FORMAT = "dwarf-with-dsym";
				ENABLE_NS_ASSERTIONS = NO;
				ENABLE_STRICT_OBJC_MSGSEND = YES;
				GCC_C_LANGUAGE_STANDARD = gnu11;
				GCC_NO_COMMON_BLOCKS = YES;
				GCC_WARN_64_TO_32_BIT_CONVERSION = YES;
				GCC_WARN_ABOUT_RETURN_TYPE = YES_ERROR;
				GCC_WARN_UNDECLARED_SELECTOR = YES;
				GCC_WARN_UNINITIALIZED_AUTOS = YES_AGGRESSIVE;
				GCC_WARN_UNUSED_FUNCTION = YES;
				GCC_WARN_UNUSED_VARIABLE = YES;
				IPHONEOS_DEPLOYMENT_TARGET = 14.4;
				MTL_ENABLE_DEBUG_INFO = NO;
				MTL_FAST_MATH = YES;
				SDKROOT = iphoneos;
				SWIFT_COMPILATION_MODE = wholemodule;
				SWIFT_OPTIMIZATION_LEVEL = "-O";
				VALIDATE_PRODUCT = YES;
			};
			name = Release;
		};
		82C7CAC12632DE8A00FAA241 /* Debug */ = {
			isa = XCBuildConfiguration;
			buildSettings = {
				ASSETCATALOG_COMPILER_APPICON_NAME = AppIcon;
				ASSETCATALOG_COMPILER_GLOBAL_ACCENT_COLOR_NAME = AccentColor;
				CODE_SIGN_STYLE = Automatic;
				DEVELOPMENT_ASSET_PATHS = "\"FruitsApp/Preview Content\"";
				ENABLE_PREVIEWS = YES;
				INFOPLIST_FILE = FruitsApp/Info.plist;
				IPHONEOS_DEPLOYMENT_TARGET = 14.0;
				LD_RUNPATH_SEARCH_PATHS = (
					"$(inherited)",
					"@executable_path/Frameworks",
				);
				PRODUCT_BUNDLE_IDENTIFIER = A13209.FruitsApp;
				PRODUCT_NAME = "$(TARGET_NAME)";
				SWIFT_VERSION = 5.0;
				TARGETED_DEVICE_FAMILY = "1,2";
			};
			name = Debug;
		};
		82C7CAC22632DE8A00FAA241 /* Release */ = {
			isa = XCBuildConfiguration;
			buildSettings = {
				ASSETCATALOG_COMPILER_APPICON_NAME = AppIcon;
				ASSETCATALOG_COMPILER_GLOBAL_ACCENT_COLOR_NAME = AccentColor;
				CODE_SIGN_STYLE = Automatic;
				DEVELOPMENT_ASSET_PATHS = "\"FruitsApp/Preview Content\"";
				ENABLE_PREVIEWS = YES;
				INFOPLIST_FILE = FruitsApp/Info.plist;
				IPHONEOS_DEPLOYMENT_TARGET = 14.0;
				LD_RUNPATH_SEARCH_PATHS = (
					"$(inherited)",
					"@executable_path/Frameworks",
				);
				PRODUCT_BUNDLE_IDENTIFIER = A13209.FruitsApp;
				PRODUCT_NAME = "$(TARGET_NAME)";
				SWIFT_VERSION = 5.0;
				TARGETED_DEVICE_FAMILY = "1,2";
			};
			name = Release;
		};
		82C7CAC42632DE8A00FAA241 /* Debug */ = {
			isa = XCBuildConfiguration;
			buildSettings = {
				ALWAYS_EMBED_SWIFT_STANDARD_LIBRARIES = YES;
				BUNDLE_LOADER = "$(TEST_HOST)";
				CODE_SIGN_STYLE = Automatic;
				INFOPLIST_FILE = FruitsAppTests/Info.plist;
				IPHONEOS_DEPLOYMENT_TARGET = 14.0;
				LD_RUNPATH_SEARCH_PATHS = (
					"$(inherited)",
					"@executable_path/Frameworks",
					"@loader_path/Frameworks",
				);
				PRODUCT_BUNDLE_IDENTIFIER = A13209.FruitsAppTests;
				PRODUCT_NAME = "$(TARGET_NAME)";
				SWIFT_VERSION = 5.0;
				TARGETED_DEVICE_FAMILY = "1,2";
				TEST_HOST = "$(BUILT_PRODUCTS_DIR)/FruitsApp.app/FruitsApp";
			};
			name = Debug;
		};
		82C7CAC52632DE8A00FAA241 /* Release */ = {
			isa = XCBuildConfiguration;
			buildSettings = {
				ALWAYS_EMBED_SWIFT_STANDARD_LIBRARIES = YES;
				BUNDLE_LOADER = "$(TEST_HOST)";
				CODE_SIGN_STYLE = Automatic;
				INFOPLIST_FILE = FruitsAppTests/Info.plist;
				IPHONEOS_DEPLOYMENT_TARGET = 14.0;
				LD_RUNPATH_SEARCH_PATHS = (
					"$(inherited)",
					"@executable_path/Frameworks",
					"@loader_path/Frameworks",
				);
				PRODUCT_BUNDLE_IDENTIFIER = A13209.FruitsAppTests;
				PRODUCT_NAME = "$(TARGET_NAME)";
				SWIFT_VERSION = 5.0;
				TARGETED_DEVICE_FAMILY = "1,2";
				TEST_HOST = "$(BUILT_PRODUCTS_DIR)/FruitsApp.app/FruitsApp";
			};
			name = Release;
		};
		82C7CAC72632DE8A00FAA241 /* Debug */ = {
			isa = XCBuildConfiguration;
			buildSettings = {
				ALWAYS_EMBED_SWIFT_STANDARD_LIBRARIES = YES;
				CODE_SIGN_STYLE = Automatic;
				INFOPLIST_FILE = FruitsAppUITests/Info.plist;
				LD_RUNPATH_SEARCH_PATHS = (
					"$(inherited)",
					"@executable_path/Frameworks",
					"@loader_path/Frameworks",
				);
				PRODUCT_BUNDLE_IDENTIFIER = A13209.FruitsAppUITests;
				PRODUCT_NAME = "$(TARGET_NAME)";
				SWIFT_VERSION = 5.0;
				TARGETED_DEVICE_FAMILY = "1,2";
				TEST_TARGET_NAME = FruitsApp;
			};
			name = Debug;
		};
		82C7CAC82632DE8A00FAA241 /* Release */ = {
			isa = XCBuildConfiguration;
			buildSettings = {
				ALWAYS_EMBED_SWIFT_STANDARD_LIBRARIES = YES;
				CODE_SIGN_STYLE = Automatic;
				INFOPLIST_FILE = FruitsAppUITests/Info.plist;
				LD_RUNPATH_SEARCH_PATHS = (
					"$(inherited)",
					"@executable_path/Frameworks",
					"@loader_path/Frameworks",
				);
				PRODUCT_BUNDLE_IDENTIFIER = A13209.FruitsAppUITests;
				PRODUCT_NAME = "$(TARGET_NAME)";
				SWIFT_VERSION = 5.0;
				TARGETED_DEVICE_FAMILY = "1,2";
				TEST_TARGET_NAME = FruitsApp;
			};
			name = Release;
		};
/* End XCBuildConfiguration section */

/* Begin XCConfigurationList section */
		82C7CA962632DE8800FAA241 /* Build configuration list for PBXProject "FruitsApp" */ = {
			isa = XCConfigurationList;
			buildConfigurations = (
				82C7CABE2632DE8A00FAA241 /* Debug */,
				82C7CABF2632DE8A00FAA241 /* Release */,
			);
			defaultConfigurationIsVisible = 0;
			defaultConfigurationName = Release;
		};
		82C7CAC02632DE8A00FAA241 /* Build configuration list for PBXNativeTarget "FruitsApp" */ = {
			isa = XCConfigurationList;
			buildConfigurations = (
				82C7CAC12632DE8A00FAA241 /* Debug */,
				82C7CAC22632DE8A00FAA241 /* Release */,
			);
			defaultConfigurationIsVisible = 0;
			defaultConfigurationName = Release;
		};
		82C7CAC32632DE8A00FAA241 /* Build configuration list for PBXNativeTarget "FruitsAppTests" */ = {
			isa = XCConfigurationList;
			buildConfigurations = (
				82C7CAC42632DE8A00FAA241 /* Debug */,
				82C7CAC52632DE8A00FAA241 /* Release */,
			);
			defaultConfigurationIsVisible = 0;
			defaultConfigurationName = Release;
		};
		82C7CAC62632DE8A00FAA241 /* Build configuration list for PBXNativeTarget "FruitsAppUITests" */ = {
			isa = XCConfigurationList;
			buildConfigurations = (
				82C7CAC72632DE8A00FAA241 /* Debug */,
				82C7CAC82632DE8A00FAA241 /* Release */,
			);
			defaultConfigurationIsVisible = 0;
			defaultConfigurationName = Release;
		};
/* End XCConfigurationList section */
	};
	rootObject = 82C7CA932632DE8800FAA241 /* Project object */;
}
