// !$*UTF8*$!
{
	archiveVersion = 1;
	classes = {
	};
	objectVersion = 50;
	objects = {

/* Begin PBXBuildFile section */
		82C7CAE72632E3B200FAA241 /* testApp.swift in Sources */ = {isa = PBXBuildFile; fileRef = 82C7CAE62632E3B200FAA241 /* testApp.swift */; };
		82C7CAE92632E3B200FAA241 /* ContentView.swift in Sources */ = {isa = PBXBuildFile; fileRef = 82C7CAE82632E3B200FAA241 /* ContentView.swift */; };
		82C7CAEB2632E3B200FAA241 /* Assets.xcassets in Resources */ = {isa = PBXBuildFile; fileRef = 82C7CAEA2632E3B200FAA241 /* Assets.xcassets */; };
		82C7CAEE2632E3B200FAA241 /* Preview Assets.xcassets in Resources */ = {isa = PBXBuildFile; fileRef = 82C7CAED2632E3B200FAA241 /* Preview Assets.xcassets */; };
		82C7CAF92632E3B200FAA241 /* testTests.swift in Sources */ = {isa = PBXBuildFile; fileRef = 82C7CAF82632E3B200FAA241 /* testTests.swift */; };
		82C7CB042632E3B200FAA241 /* testUITests.swift in Sources */ = {isa = PBXBuildFile; fileRef = 82C7CB032632E3B200FAA241 /* testUITests.swift */; };
/* End PBXBuildFile section */

/* Begin PBXContainerItemProxy section */
		82C7CAF52632E3B200FAA241 /* PBXContainerItemProxy */ = {
			isa = PBXContainerItemProxy;
			containerPortal = 82C7CADB2632E3B200FAA241 /* Project object */;
			proxyType = 1;
			remoteGlobalIDString = 82C7CAE22632E3B200FAA241;
			remoteInfo = test;
		};
		82C7CB002632E3B200FAA241 /* PBXContainerItemProxy */ = {
			isa = PBXContainerItemProxy;
			containerPortal = 82C7CADB2632E3B200FAA241 /* Project object */;
			proxyType = 1;
			remoteGlobalIDString = 82C7CAE22632E3B200FAA241;
			remoteInfo = test;
		};
/* End PBXContainerItemProxy section */

/* Begin PBXFileReference section */
		82C7CAE32632E3B200FAA241 /* test.app */ = {isa = PBXFileReference; explicitFileType = wrapper.application; includeInIndex = 0; path = test.app; sourceTree = BUILT_PRODUCTS_DIR; };
		82C7CAE62632E3B200FAA241 /* testApp.swift */ = {isa = PBXFileReference; lastKnownFileType = sourcecode.swift; path = testApp.swift; sourceTree = "<group>"; };
		82C7CAE82632E3B200FAA241 /* ContentView.swift */ = {isa = PBXFileReference; lastKnownFileType = sourcecode.swift; path = ContentView.swift; sourceTree = "<group>"; };
		82C7CAEA2632E3B200FAA241 /* Assets.xcassets */ = {isa = PBXFileReference; lastKnownFileType = folder.assetcatalog; path = Assets.xcassets; sourceTree = "<group>"; };
		82C7CAED2632E3B200FAA241 /* Preview Assets.xcassets */ = {isa = PBXFileReference; lastKnownFileType = folder.assetcatalog; path = "Preview Assets.xcassets"; sourceTree = "<group>"; };
		82C7CAEF2632E3B200FAA241 /* Info.plist */ = {isa = PBXFileReference; lastKnownFileType = text.plist.xml; path = Info.plist; sourceTree = "<group>"; };
		82C7CAF42632E3B200FAA241 /* testTests.xctest */ = {isa = PBXFileReference; explicitFileType = wrapper.cfbundle; includeInIndex = 0; path = testTests.xctest; sourceTree = BUILT_PRODUCTS_DIR; };
		82C7CAF82632E3B200FAA241 /* testTests.swift */ = {isa = PBXFileReference; lastKnownFileType = sourcecode.swift; path = testTests.swift; sourceTree = "<group>"; };
		82C7CAFA2632E3B200FAA241 /* Info.plist */ = {isa = PBXFileReference; lastKnownFileType = text.plist.xml; path = Info.plist; sourceTree = "<group>"; };
		82C7CAFF2632E3B200FAA241 /* testUITests.xctest */ = {isa = PBXFileReference; explicitFileType = wrapper.cfbundle; includeInIndex = 0; path = testUITests.xctest; sourceTree = BUILT_PRODUCTS_DIR; };
		82C7CB032632E3B200FAA241 /* testUITests.swift */ = {isa = PBXFileReference; lastKnownFileType = sourcecode.swift; path = testUITests.swift; sourceTree = "<group>"; };
		82C7CB052632E3B200FAA241 /* Info.plist */ = {isa = PBXFileReference; lastKnownFileType = text.plist.xml; path = Info.plist; sourceTree = "<group>"; };
/* End PBXFileReference section */

/* Begin PBXFrameworksBuildPhase section */
		82C7CAE02632E3B200FAA241 /* Frameworks */ = {
			isa = PBXFrameworksBuildPhase;
			buildActionMask = 2147483647;
			files = (
			);
			runOnlyForDeploymentPostprocessing = 0;
		};
		82C7CAF12632E3B200FAA241 /* Frameworks */ = {
			isa = PBXFrameworksBuildPhase;
			buildActionMask = 2147483647;
			files = (
			);
			runOnlyForDeploymentPostprocessing = 0;
		};
		82C7CAFC2632E3B200FAA241 /* Frameworks */ = {
			isa = PBXFrameworksBuildPhase;
			buildActionMask = 2147483647;
			files = (
			);
			runOnlyForDeploymentPostprocessing = 0;
		};
/* End PBXFrameworksBuildPhase section */

/* Begin PBXGroup section */
		82C7CADA2632E3B200FAA241 = {
			isa = PBXGroup;
			children = (
				82C7CAE52632E3B200FAA241 /* test */,
				82C7CAF72632E3B200FAA241 /* testTests */,
				82C7CB022632E3B200FAA241 /* testUITests */,
				82C7CAE42632E3B200FAA241 /* Products */,
			);
			sourceTree = "<group>";
		};
		82C7CAE42632E3B200FAA241 /* Products */ = {
			isa = PBXGroup;
			children = (
				82C7CAE32632E3B200FAA241 /* test.app */,
				82C7CAF42632E3B200FAA241 /* testTests.xctest */,
				82C7CAFF2632E3B200FAA241 /* testUITests.xctest */,
			);
			name = Products;
			sourceTree = "<group>";
		};
		82C7CAE52632E3B200FAA241 /* test */ = {
			isa = PBXGroup;
			children = (
				82C7CAE62632E3B200FAA241 /* testApp.swift */,
				82C7CAE82632E3B200FAA241 /* ContentView.swift */,
				82C7CAEA2632E3B200FAA241 /* Assets.xcassets */,
				82C7CAEF2632E3B200FAA241 /* Info.plist */,
				82C7CAEC2632E3B200FAA241 /* Preview Content */,
			);
			path = test;
			sourceTree = "<group>";
		};
		82C7CAEC2632E3B200FAA241 /* Preview Content */ = {
			isa = PBXGroup;
			children = (
				82C7CAED2632E3B200FAA241 /* Preview Assets.xcassets */,
			);
			path = "Preview Content";
			sourceTree = "<group>";
		};
		82C7CAF72632E3B200FAA241 /* testTests */ = {
			isa = PBXGroup;
			children = (
				82C7CAF82632E3B200FAA241 /* testTests.swift */,
				82C7CAFA2632E3B200FAA241 /* Info.plist */,
			);
			path = testTests;
			sourceTree = "<group>";
		};
		82C7CB022632E3B200FAA241 /* testUITests */ = {
			isa = PBXGroup;
			children = (
				82C7CB032632E3B200FAA241 /* testUITests.swift */,
				82C7CB052632E3B200FAA241 /* Info.plist */,
			);
			path = testUITests;
			sourceTree = "<group>";
		};
/* End PBXGroup section */

/* Begin PBXNativeTarget section */
		82C7CAE22632E3B200FAA241 /* test */ = {
			isa = PBXNativeTarget;
			buildConfigurationList = 82C7CB082632E3B200FAA241 /* Build configuration list for PBXNativeTarget "test" */;
			buildPhases = (
				82C7CADF2632E3B200FAA241 /* Sources */,
				82C7CAE02632E3B200FAA241 /* Frameworks */,
				82C7CAE12632E3B200FAA241 /* Resources */,
			);
			buildRules = (
			);
			dependencies = (
			);
			name = test;
			productName = test;
			productReference = 82C7CAE32632E3B200FAA241 /* test.app */;
			productType = "com.apple.product-type.application";
		};
		82C7CAF32632E3B200FAA241 /* testTests */ = {
			isa = PBXNativeTarget;
			buildConfigurationList = 82C7CB0B2632E3B200FAA241 /* Build configuration list for PBXNativeTarget "testTests" */;
			buildPhases = (
				82C7CAF02632E3B200FAA241 /* Sources */,
				82C7CAF12632E3B200FAA241 /* Frameworks */,
				82C7CAF22632E3B200FAA241 /* Resources */,
			);
			buildRules = (
			);
			dependencies = (
				82C7CAF62632E3B200FAA241 /* PBXTargetDependency */,
			);
			name = testTests;
			productName = testTests;
			productReference = 82C7CAF42632E3B200FAA241 /* testTests.xctest */;
			productType = "com.apple.product-type.bundle.unit-test";
		};
		82C7CAFE2632E3B200FAA241 /* testUITests */ = {
			isa = PBXNativeTarget;
			buildConfigurationList = 82C7CB0E2632E3B200FAA241 /* Build configuration list for PBXNativeTarget "testUITests" */;
			buildPhases = (
				82C7CAFB2632E3B200FAA241 /* Sources */,
				82C7CAFC2632E3B200FAA241 /* Frameworks */,
				82C7CAFD2632E3B200FAA241 /* Resources */,
			);
			buildRules = (
			);
			dependencies = (
				82C7CB012632E3B200FAA241 /* PBXTargetDependency */,
			);
			name = testUITests;
			productName = testUITests;
			productReference = 82C7CAFF2632E3B200FAA241 /* testUITests.xctest */;
			productType = "com.apple.product-type.bundle.ui-testing";
		};
/* End PBXNativeTarget section */

/* Begin PBXProject section */
		82C7CADB2632E3B200FAA241 /* Project object */ = {
			isa = PBXProject;
			attributes = {
				LastSwiftUpdateCheck = 1240;
				LastUpgradeCheck = 1240;
				TargetAttributes = {
					82C7CAE22632E3B200FAA241 = {
						CreatedOnToolsVersion = 12.4;
					};
					82C7CAF32632E3B200FAA241 = {
						CreatedOnToolsVersion = 12.4;
						TestTargetID = 82C7CAE22632E3B200FAA241;
					};
					82C7CAFE2632E3B200FAA241 = {
						CreatedOnToolsVersion = 12.4;
						TestTargetID = 82C7CAE22632E3B200FAA241;
					};
				};
			};
			buildConfigurationList = 82C7CADE2632E3B200FAA241 /* Build configuration list for PBXProject "test" */;
			compatibilityVersion = "Xcode 9.3";
			developmentRegion = en;
			hasScannedForEncodings = 0;
			knownRegions = (
				en,
				Base,
			);
			mainGroup = 82C7CADA2632E3B200FAA241;
			productRefGroup = 82C7CAE42632E3B200FAA241 /* Products */;
			projectDirPath = "";
			projectRoot = "";
			targets = (
				82C7CAE22632E3B200FAA241 /* test */,
				82C7CAF32632E3B200FAA241 /* testTests */,
				82C7CAFE2632E3B200FAA241 /* testUITests */,
			);
		};
/* End PBXProject section */

/* Begin PBXResourcesBuildPhase section */
		82C7CAE12632E3B200FAA241 /* Resources */ = {
			isa = PBXResourcesBuildPhase;
			buildActionMask = 2147483647;
			files = (
				82C7CAEE2632E3B200FAA241 /* Preview Assets.xcassets in Resources */,
				82C7CAEB2632E3B200FAA241 /* Assets.xcassets in Resources */,
			);
			runOnlyForDeploymentPostprocessing = 0;
		};
		82C7CAF22632E3B200FAA241 /* Resources */ = {
			isa = PBXResourcesBuildPhase;
			buildActionMask = 2147483647;
			files = (
			);
			runOnlyForDeploymentPostprocessing = 0;
		};
		82C7CAFD2632E3B200FAA241 /* Resources */ = {
			isa = PBXResourcesBuildPhase;
			buildActionMask = 2147483647;
			files = (
			);
			runOnlyForDeploymentPostprocessing = 0;
		};
/* End PBXResourcesBuildPhase section */

/* Begin PBXSourcesBuildPhase section */
		82C7CADF2632E3B200FAA241 /* Sources */ = {
			isa = PBXSourcesBuildPhase;
			buildActionMask = 2147483647;
			files = (
				82C7CAE92632E3B200FAA241 /* ContentView.swift in Sources */,
				82C7CAE72632E3B200FAA241 /* testApp.swift in Sources */,
			);
			runOnlyForDeploymentPostprocessing = 0;
		};
		82C7CAF02632E3B200FAA241 /* Sources */ = {
			isa = PBXSourcesBuildPhase;
			buildActionMask = 2147483647;
			files = (
				82C7CAF92632E3B200FAA241 /* testTests.swift in Sources */,
			);
			runOnlyForDeploymentPostprocessing = 0;
		};
		82C7CAFB2632E3B200FAA241 /* Sources */ = {
			isa = PBXSourcesBuildPhase;
			buildActionMask = 2147483647;
			files = (
				82C7CB042632E3B200FAA241 /* testUITests.swift in Sources */,
			);
			runOnlyForDeploymentPostprocessing = 0;
		};
/* End PBXSourcesBuildPhase section */

/* Begin PBXTargetDependency section */
		82C7CAF62632E3B200FAA241 /* PBXTargetDependency */ = {
			isa = PBXTargetDependency;
			target = 82C7CAE22632E3B200FAA241 /* test */;
			targetProxy = 82C7CAF52632E3B200FAA241 /* PBXContainerItemProxy */;
		};
		82C7CB012632E3B200FAA241 /* PBXTargetDependency */ = {
			isa = PBXTargetDependency;
			target = 82C7CAE22632E3B200FAA241 /* test */;
			targetProxy = 82C7CB002632E3B200FAA241 /* PBXContainerItemProxy */;
		};
/* End PBXTargetDependency section */

/* Begin XCBuildConfiguration section */
		82C7CB062632E3B200FAA241 /* Debug */ = {
			isa = XCBuildConfiguration;
			buildSettings = {
				ALWAYS_SEARCH_USER_PATHS = NO;
				CLANG_ANALYZER_NONNULL = YES;
				CLANG_ANALYZER_NUMBER_OBJECT_CONVERSION = YES_AGGRESSIVE;
				CLANG_CXX_LANGUAGE_STANDARD = "gnu++14";
				CLANG_CXX_LIBRARY = "libc++";
				CLANG_ENABLE_MODULES = YES;
				CLANG_ENABLE_OBJC_ARC = YES;
				CLANG_ENABLE_OBJC_WEAK = YES;
				CLANG_WARN_BLOCK_CAPTURE_AUTORELEASING = YES;
				CLANG_WARN_BOOL_CONVERSION = YES;
				CLANG_WARN_COMMA = YES;
				CLANG_WARN_CONSTANT_CONVERSION = YES;
				CLANG_WARN_DEPRECATED_OBJC_IMPLEMENTATIONS = YES;
				CLANG_WARN_DIRECT_OBJC_ISA_USAGE = YES_ERROR;
				CLANG_WARN_DOCUMENTATION_COMMENTS = YES;
				CLANG_WARN_EMPTY_BODY = YES;
				CLANG_WARN_ENUM_CONVERSION = YES;
				CLANG_WARN_INFINITE_RECURSION = YES;
				CLANG_WARN_INT_CONVERSION = YES;
				CLANG_WARN_NON_LITERAL_NULL_CONVERSION = YES;
				CLANG_WARN_OBJC_IMPLICIT_RETAIN_SELF = YES;
				CLANG_WARN_OBJC_LITERAL_CONVERSION = YES;
				CLANG_WARN_OBJC_ROOT_CLASS = YES_ERROR;
				CLANG_WARN_QUOTED_INCLUDE_IN_FRAMEWORK_HEADER = YES;
				CLANG_WARN_RANGE_LOOP_ANALYSIS = YES;
				CLANG_WARN_STRICT_PROTOTYPES = YES;
				CLANG_WARN_SUSPICIOUS_MOVE = YES;
				CLANG_WARN_UNGUARDED_AVAILABILITY = YES_AGGRESSIVE;
				CLANG_WARN_UNREACHABLE_CODE = YES;
				CLANG_WARN__DUPLICATE_METHOD_MATCH = YES;
				COPY_PHASE_STRIP = NO;
				DEBUG_INFORMATION_FORMAT = dwarf;
				ENABLE_STRICT_OBJC_MSGSEND = YES;
				ENABLE_TESTABILITY = YES;
				GCC_C_LANGUAGE_STANDARD = gnu11;
				GCC_DYNAMIC_NO_PIC = NO;
				GCC_NO_COMMON_BLOCKS = YES;
				GCC_OPTIMIZATION_LEVEL = 0;
				GCC_PREPROCESSOR_DEFINITIONS = (
					"DEBUG=1",
					"$(inherited)",
				);
				GCC_WARN_64_TO_32_BIT_CONVERSION = YES;
				GCC_WARN_ABOUT_RETURN_TYPE = YES_ERROR;
				GCC_WARN_UNDECLARED_SELECTOR = YES;
				GCC_WARN_UNINITIALIZED_AUTOS = YES_AGGRESSIVE;
				GCC_WARN_UNUSED_FUNCTION = YES;
				GCC_WARN_UNUSED_VARIABLE = YES;
				IPHONEOS_DEPLOYMENT_TARGET = 14.4;
				MTL_ENABLE_DEBUG_INFO = INCLUDE_SOURCE;
				MTL_FAST_MATH = YES;
				ONLY_ACTIVE_ARCH = YES;
				SDKROOT = iphoneos;
				SWIFT_ACTIVE_COMPILATION_CONDITIONS = DEBUG;
				SWIFT_OPTIMIZATION_LEVEL = "-Onone";
			};
			name = Debug;
		};
		82C7CB072632E3B200FAA241 /* Release */ = {
			isa = XCBuildConfiguration;
			buildSettings = {
				ALWAYS_SEARCH_USER_PATHS = NO;
				CLANG_ANALYZER_NONNULL = YES;
				CLANG_ANALYZER_NUMBER_OBJECT_CONVERSION = YES_AGGRESSIVE;
				CLANG_CXX_LANGUAGE_STANDARD = "gnu++14";
				CLANG_CXX_LIBRARY = "libc++";
				CLANG_ENABLE_MODULES = YES;
				CLANG_ENABLE_OBJC_ARC = YES;
				CLANG_ENABLE_OBJC_WEAK = YES;
				CLANG_WARN_BLOCK_CAPTURE_AUTORELEASING = YES;
				CLANG_WARN_BOOL_CONVERSION = YES;
				CLANG_WARN_COMMA = YES;
				CLANG_WARN_CONSTANT_CONVERSION = YES;
				CLANG_WARN_DEPRECATED_OBJC_IMPLEMENTATIONS = YES;
				CLANG_WARN_DIRECT_OBJC_ISA_USAGE = YES_ERROR;
				CLANG_WARN_DOCUMENTATION_COMMENTS = YES;
				CLANG_WARN_EMPTY_BODY = YES;
				CLANG_WARN_ENUM_CONVERSION = YES;
				CLANG_WARN_INFINITE_RECURSION = YES;
				CLANG_WARN_INT_CONVERSION = YES;
				CLANG_WARN_NON_LITERAL_NULL_CONVERSION = YES;
				CLANG_WARN_OBJC_IMPLICIT_RETAIN_SELF = YES;
				CLANG_WARN_OBJC_LITERAL_CONVERSION = YES;
				CLANG_WARN_OBJC_ROOT_CLASS = YES_ERROR;
				CLANG_WARN_QUOTED_INCLUDE_IN_FRAMEWORK_HEADER = YES;
				CLANG_WARN_RANGE_LOOP_ANALYSIS = YES;
				CLANG_WARN_STRICT_PROTOTYPES = YES;
				CLANG_WARN_SUSPICIOUS_MOVE = YES;
				CLANG_WARN_UNGUARDED_AVAILABILITY = YES_AGGRESSIVE;
				CLANG_WARN_UNREACHABLE_CODE = YES;
				CLANG_WARN__DUPLICATE_METHOD_MATCH = YES;
				COPY_PHASE_STRIP = NO;
				DEBUG_INFORMATION_FORMAT = "dwarf-with-dsym";
				ENABLE_NS_ASSERTIONS = NO;
				ENABLE_STRICT_OBJC_MSGSEND = YES;
				GCC_C_LANGUAGE_STANDARD = gnu11;
				GCC_NO_COMMON_BLOCKS = YES;
				GCC_WARN_64_TO_32_BIT_CONVERSION = YES;
				GCC_WARN_ABOUT_RETURN_TYPE = YES_ERROR;
				GCC_WARN_UNDECLARED_SELECTOR = YES;
				GCC_WARN_UNINITIALIZED_AUTOS = YES_AGGRESSIVE;
				GCC_WARN_UNUSED_FUNCTION = YES;
				GCC_WARN_UNUSED_VARIABLE = YES;
				IPHONEOS_DEPLOYMENT_TARGET = 14.4;
				MTL_ENABLE_DEBUG_INFO = NO;
				MTL_FAST_MATH = YES;
				SDKROOT = iphoneos;
				SWIFT_COMPILATION_MODE = wholemodule;
				SWIFT_OPTIMIZATION_LEVEL = "-O";
				VALIDATE_PRODUCT = YES;
			};
			name = Release;
		};
		82C7CB092632E3B200FAA241 /* Debug */ = {
			isa = XCBuildConfiguration;
			buildSettings = {
				ASSETCATALOG_COMPILER_APPICON_NAME = AppIcon;
				ASSETCATALOG_COMPILER_GLOBAL_ACCENT_COLOR_NAME = AccentColor;
				CODE_SIGN_STYLE = Automatic;
				DEVELOPMENT_ASSET_PATHS = "\"test/Preview Content\"";
				ENABLE_PREVIEWS = YES;
				INFOPLIST_FILE = test/Info.plist;
				IPHONEOS_DEPLOYMENT_TARGET = 14.0;
				LD_RUNPATH_SEARCH_PATHS = (
					"$(inherited)",
					"@executable_path/Frameworks",
				);
				PRODUCT_BUNDLE_IDENTIFIER = A13209.test;
				PRODUCT_NAME = "$(TARGET_NAME)";
				SWIFT_VERSION = 5.0;
				TARGETED_DEVICE_FAMILY = "1,2";
			};
			name = Debug;
		};
		82C7CB0A2632E3B200FAA241 /* Release */ = {
			isa = XCBuildConfiguration;
			buildSettings = {
				ASSETCATALOG_COMPILER_APPICON_NAME = AppIcon;
				ASSETCATALOG_COMPILER_GLOBAL_ACCENT_COLOR_NAME = AccentColor;
				CODE_SIGN_STYLE = Automatic;
				DEVELOPMENT_ASSET_PATHS = "\"test/Preview Content\"";
				ENABLE_PREVIEWS = YES;
				INFOPLIST_FILE = test/Info.plist;
				IPHONEOS_DEPLOYMENT_TARGET = 14.0;
				LD_RUNPATH_SEARCH_PATHS = (
					"$(inherited)",
					"@executable_path/Frameworks",
				);
				PRODUCT_BUNDLE_IDENTIFIER = A13209.test;
				PRODUCT_NAME = "$(TARGET_NAME)";
				SWIFT_VERSION = 5.0;
				TARGETED_DEVICE_FAMILY = "1,2";
			};
			name = Release;
		};
		82C7CB0C2632E3B200FAA241 /* Debug */ = {
			isa = XCBuildConfiguration;
			buildSettings = {
				ALWAYS_EMBED_SWIFT_STANDARD_LIBRARIES = YES;
				BUNDLE_LOADER = "$(TEST_HOST)";
				CODE_SIGN_STYLE = Automatic;
				INFOPLIST_FILE = testTests/Info.plist;
				IPHONEOS_DEPLOYMENT_TARGET = 14.0;
				LD_RUNPATH_SEARCH_PATHS = (
					"$(inherited)",
					"@executable_path/Frameworks",
					"@loader_path/Frameworks",
				);
				PRODUCT_BUNDLE_IDENTIFIER = A13209.testTests;
				PRODUCT_NAME = "$(TARGET_NAME)";
				SWIFT_VERSION = 5.0;
				TARGETED_DEVICE_FAMILY = "1,2";
				TEST_HOST = "$(BUILT_PRODUCTS_DIR)/test.app/test";
			};
			name = Debug;
		};
		82C7CB0D2632E3B200FAA241 /* Release */ = {
			isa = XCBuildConfiguration;
			buildSettings = {
				ALWAYS_EMBED_SWIFT_STANDARD_LIBRARIES = YES;
				BUNDLE_LOADER = "$(TEST_HOST)";
				CODE_SIGN_STYLE = Automatic;
				INFOPLIST_FILE = testTests/Info.plist;
				IPHONEOS_DEPLOYMENT_TARGET = 14.0;
				LD_RUNPATH_SEARCH_PATHS = (
					"$(inherited)",
					"@executable_path/Frameworks",
					"@loader_path/Frameworks",
				);
				PRODUCT_BUNDLE_IDENTIFIER = A13209.testTests;
				PRODUCT_NAME = "$(TARGET_NAME)";
				SWIFT_VERSION = 5.0;
				TARGETED_DEVICE_FAMILY = "1,2";
				TEST_HOST = "$(BUILT_PRODUCTS_DIR)/test.app/test";
			};
			name = Release;
		};
		82C7CB0F2632E3B200FAA241 /* Debug */ = {
			isa = XCBuildConfiguration;
			buildSettings = {
				ALWAYS_EMBED_SWIFT_STANDARD_LIBRARIES = YES;
				CODE_SIGN_STYLE = Automatic;
				INFOPLIST_FILE = testUITests/Info.plist;
				LD_RUNPATH_SEARCH_PATHS = (
					"$(inherited)",
					"@executable_path/Frameworks",
					"@loader_path/Frameworks",
				);
				PRODUCT_BUNDLE_IDENTIFIER = A13209.testUITests;
				PRODUCT_NAME = "$(TARGET_NAME)";
				SWIFT_VERSION = 5.0;
				TARGETED_DEVICE_FAMILY = "1,2";
				TEST_TARGET_NAME = test;
			};
			name = Debug;
		};
		82C7CB102632E3B200FAA241 /* Release */ = {
			isa = XCBuildConfiguration;
			buildSettings = {
				ALWAYS_EMBED_SWIFT_STANDARD_LIBRARIES = YES;
				CODE_SIGN_STYLE = Automatic;
				INFOPLIST_FILE = testUITests/Info.plist;
				LD_RUNPATH_SEARCH_PATHS = (
					"$(inherited)",
					"@executable_path/Frameworks",
					"@loader_path/Frameworks",
				);
				PRODUCT_BUNDLE_IDENTIFIER = A13209.testUITests;
				PRODUCT_NAME = "$(TARGET_NAME)";
				SWIFT_VERSION = 5.0;
				TARGETED_DEVICE_FAMILY = "1,2";
				TEST_TARGET_NAME = test;
			};
			name = Release;
		};
/* End XCBuildConfiguration section */

/* Begin XCConfigurationList section */
		82C7CADE2632E3B200FAA241 /* Build configuration list for PBXProject "test" */ = {
			isa = XCConfigurationList;
			buildConfigurations = (
				82C7CB062632E3B200FAA241 /* Debug */,
				82C7CB072632E3B200FAA241 /* Release */,
			);
			defaultConfigurationIsVisible = 0;
			defaultConfigurationName = Release;
		};
		82C7CB082632E3B200FAA241 /* Build configuration list for PBXNativeTarget "test" */ = {
			isa = XCConfigurationList;
			buildConfigurations = (
				82C7CB092632E3B200FAA241 /* Debug */,
				82C7CB0A2632E3B200FAA241 /* Release */,
			);
			defaultConfigurationIsVisible = 0;
			defaultConfigurationName = Release;
		};
		82C7CB0B2632E3B200FAA241 /* Build configuration list for PBXNativeTarget "testTests" */ = {
			isa = XCConfigurationList;
			buildConfigurations = (
				82C7CB0C2632E3B200FAA241 /* Debug */,
				82C7CB0D2632E3B200FAA241 /* Release */,
			);
			defaultConfigurationIsVisible = 0;
			defaultConfigurationName = Release;
		};
		82C7CB0E2632E3B200FAA241 /* Build configuration list for PBXNativeTarget "testUITests" */ = {
			isa = XCConfigurationList;
			buildConfigurations = (
				82C7CB0F2632E3B200FAA241 /* Debug */,
				82C7CB102632E3B200FAA241 /* Release */,
			);
			defaultConfigurationIsVisible = 0;
			defaultConfigurationName = Release;
		};
/* End XCConfigurationList section */
	};
	rootObject = 82C7CADB2632E3B200FAA241 /* Project object */;
}
